<?xml version="1.0" encoding="utf-8"?>
<Project ToolsVersion="4.0" xmlns="http://schemas.microsoft.com/developer/msbuild/2003">
  <ItemGroup>
    <ClCompile Include="GetTriangleAngle.c" />
    <ClCompile Include="main.c" />
    <ClCompile Include="rectangleSolver.c" />
    <ClCompile Include="triangleSolver.c" />
  </ItemGroup>
  <ItemGroup>
    <ClInclude Include="GetTriangleAngle.h" />
    <ClInclude Include="rectangleSolver.h" />
    <ClInclude Include="triangleSolver.h" />
  </ItemGroup>
</Project>